
Microsoft Visual Studio Solution File, Format Version 12.00
# Visual Studio Version 16
VisualStudioVersion = 16.0.31911.196
MinimumVisualStudioVersion = 10.0.40219.1
Project("{FAE04EC0-301F-11D3-BF4B-00C04F79EFBC}") = "StackOverflowProject", "StackOverflowProject\StackOverflowProject.csproj", "{4C920B16-A4C0-4CCA-BF29-AB4B293C0819}"
EndProject
Project("{FAE04EC0-301F-11D3-BF4B-00C04F79EFBC}") = "StackOverflowProject.DomainModels", "StackOverflowProject.DomainModels\StackOverflowProject.DomainModels.csproj", "{33A71E22-B10D-426A-97F5-C28CCECC2D91}"
EndProject
Project("{FAE04EC0-301F-11D3-BF4B-00C04F79EFBC}") = "StackOverflowProject.Repositories", "StackOverflowProject.Repositories\StackOverflowProject.Repositories.csproj", "{17F211AE-D703-44E1-B153-E2F9A51CA17E}"
EndProject
Project("{FAE04EC0-301F-11D3-BF4B-00C04F79EFBC}") = "StackOverflowProject.ServiceLayer", "StackOverflowProject.ServiceLayer\StackOverflowProject.ServiceLayer.csproj", "{2FA12092-C3A4-4471-B1A6-19A4BCE0EF9E}"
EndProject
Project("{FAE04EC0-301F-11D3-BF4B-00C04F79EFBC}") = "StackOverflowProject.ViewModels", "StackOverflowProject.ViewModels\StackOverflowProject.ViewModels.csproj", "{6DA82687-2C1A-4FD7-B027-9B68929E8785}"
EndProject
Global
	GlobalSection(SolutionConfigurationPlatforms) = preSolution
		Debug|Any CPU = Debug|Any CPU
		Release|Any CPU = Release|Any CPU
	EndGlobalSection
	GlobalSection(ProjectConfigurationPlatforms) = postSolution
		{4C920B16-A4C0-4CCA-BF29-AB4B293C0819}.Debug|Any CPU.ActiveCfg = Debug|Any CPU
		{4C920B16-A4C0-4CCA-BF29-AB4B293C0819}.Debug|Any CPU.Build.0 = Debug|Any CPU
		{4C920B16-A4C0-4CCA-BF29-AB4B293C0819}.Release|Any CPU.ActiveCfg = Release|Any CPU
		{4C920B16-A4C0-4CCA-BF29-AB4B293C0819}.Release|Any CPU.Build.0 = Release|Any CPU
		{33A71E22-B10D-426A-97F5-C28CCECC2D91}.Debug|Any CPU.ActiveCfg = Debug|Any CPU
		{33A71E22-B10D-426A-97F5-C28CCECC2D91}.Debug|Any CPU.Build.0 = Debug|Any CPU
		{33A71E22-B10D-426A-97F5-C28CCECC2D91}.Release|Any CPU.ActiveCfg = Release|Any CPU
		{33A71E22-B10D-426A-97F5-C28CCECC2D91}.Release|Any CPU.Build.0 = Release|Any CPU
		{17F211AE-D703-44E1-B153-E2F9A51CA17E}.Debug|Any CPU.ActiveCfg = Debug|Any CPU
		{17F211AE-D703-44E1-B153-E2F9A51CA17E}.Debug|Any CPU.Build.0 = Debug|Any CPU
		{17F211AE-D703-44E1-B153-E2F9A51CA17E}.Release|Any CPU.ActiveCfg = Release|Any CPU
		{17F211AE-D703-44E1-B153-E2F9A51CA17E}.Release|Any CPU.Build.0 = Release|Any CPU
		{2FA12092-C3A4-4471-B1A6-19A4BCE0EF9E}.Debug|Any CPU.ActiveCfg = Debug|Any CPU
		{2FA12092-C3A4-4471-B1A6-19A4BCE0EF9E}.Debug|Any CPU.Build.0 = Debug|Any CPU
		{2FA12092-C3A4-4471-B1A6-19A4BCE0EF9E}.Release|Any CPU.ActiveCfg = Release|Any CPU
		{2FA12092-C3A4-4471-B1A6-19A4BCE0EF9E}.Release|Any CPU.Build.0 = Release|Any CPU
		{6DA82687-2C1A-4FD7-B027-9B68929E8785}.Debug|Any CPU.ActiveCfg = Debug|Any CPU
		{6DA82687-2C1A-4FD7-B027-9B68929E8785}.Debug|Any CPU.Build.0 = Debug|Any CPU
		{6DA82687-2C1A-4FD7-B027-9B68929E8785}.Release|Any CPU.ActiveCfg = Release|Any CPU
		{6DA82687-2C1A-4FD7-B027-9B68929E8785}.Release|Any CPU.Build.0 = Release|Any CPU
	EndGlobalSection
	GlobalSection(SolutionProperties) = preSolution
		HideSolutionNode = FALSE
	EndGlobalSection
	GlobalSection(ExtensibilityGlobals) = postSolution
		SolutionGuid = {1B357347-7954-4CA5-92A2-A5B84A5678E0}
	EndGlobalSection
EndGlobal
